
Microsoft Visual Studio Solution File, Format Version 12.00
# Visual Studio Version 17
VisualStudioVersion = 17.7.34031.279
MinimumVisualStudioVersion = 10.0.40219.1
Project("{FAE04EC0-301F-11D3-BF4B-00C04F79EFBC}") = "ShoppingCartWebApp", "ShoppingCartWebApp.csproj", "{C95D7F96-0E30-40FA-9ED4-7AB00ACD2FBD}"
EndProject
Global
	GlobalSection(SolutionConfigurationPlatforms) = preSolution
		Debug|Any CPU = Debug|Any CPU
		Release|Any CPU = Release|Any CPU
	EndGlobalSection
	GlobalSection(ProjectConfigurationPlatforms) = postSolution
		{C95D7F96-0E30-40FA-9ED4-7AB00ACD2FBD}.Debug|Any CPU.ActiveCfg = Debug|Any CPU
		{C95D7F96-0E30-40FA-9ED4-7AB00ACD2FBD}.Debug|Any CPU.Build.0 = Debug|Any CPU
		{C95D7F96-0E30-40FA-9ED4-7AB00ACD2FBD}.Release|Any CPU.ActiveCfg = Release|Any CPU
		{C95D7F96-0E30-40FA-9ED4-7AB00ACD2FBD}.Release|Any CPU.Build.0 = Release|Any CPU
	EndGlobalSection
	GlobalSection(SolutionProperties) = preSolution
		HideSolutionNode = FALSE
	EndGlobalSection
	GlobalSection(ExtensibilityGlobals) = postSolution
		SolutionGuid = {D630E94D-4D41-475F-9F6A-4855F47F842A}
	EndGlobalSection
EndGlobal
